
Microsoft Visual Studio Solution File, Format Version 12.00
# Visual Studio Version 17
VisualStudioVersion = 17.4.33213.308
MinimumVisualStudioVersion = 10.0.40219.1
Project("{FAE04EC0-301F-11D3-BF4B-00C04F79EFBC}") = "Utility", "Utility\Utility.csproj", "{80DBC577-4F86-47D4-9345-19FD540C4FAB}"
EndProject
Project("{FAE04EC0-301F-11D3-BF4B-00C04F79EFBC}") = "UtilityTests", "UtilityTests\UtilityTests.csproj", "{8EEDD803-92A9-4126-91BE-557F8D6B3162}"
EndProject
Global
	GlobalSection(SolutionConfigurationPlatforms) = preSolution
		Debug|Any CPU = Debug|Any CPU
		Release|Any CPU = Release|Any CPU
	EndGlobalSection
	GlobalSection(ProjectConfigurationPlatforms) = postSolution
		{80DBC577-4F86-47D4-9345-19FD540C4FAB}.Debug|Any CPU.ActiveCfg = Debug|Any CPU
		{80DBC577-4F86-47D4-9345-19FD540C4FAB}.Debug|Any CPU.Build.0 = Debug|Any CPU
		{80DBC577-4F86-47D4-9345-19FD540C4FAB}.Release|Any CPU.ActiveCfg = Release|Any CPU
		{80DBC577-4F86-47D4-9345-19FD540C4FAB}.Release|Any CPU.Build.0 = Release|Any CPU
		{8EEDD803-92A9-4126-91BE-557F8D6B3162}.Debug|Any CPU.ActiveCfg = Debug|Any CPU
		{8EEDD803-92A9-4126-91BE-557F8D6B3162}.Debug|Any CPU.Build.0 = Debug|Any CPU
		{8EEDD803-92A9-4126-91BE-557F8D6B3162}.Release|Any CPU.ActiveCfg = Release|Any CPU
		{8EEDD803-92A9-4126-91BE-557F8D6B3162}.Release|Any CPU.Build.0 = Release|Any CPU
	EndGlobalSection
	GlobalSection(SolutionProperties) = preSolution
		HideSolutionNode = FALSE
	EndGlobalSection
	GlobalSection(ExtensibilityGlobals) = postSolution
		SolutionGuid = {88FF6365-DEDC-4EF3-B833-559620353658}
	EndGlobalSection
EndGlobal
